{
    "_meta": {
        "hash": {
            "sha256": "c9b958fcde865464c29e75bea96e79cce748248f04cd77a885118fefbdb9a934"
        },
        "pipfile-spec": 6,
        "requires": {
            "python_version": "3.8"
        },
        "sources": [
            {
                "name": "pip_conf_index_global",
                "url": "https://pypi.org/simple/",
                "verify_ssl": true
            }
        ]
    },
    "default": {},
    "develop": {}
}
